
Microsoft Visual Studio Solution File, Format Version 12.00
# Visual Studio Version 17
VisualStudioVersion = 17.4.33403.182
MinimumVisualStudioVersion = 10.0.40219.1
Project("{FAE04EC0-301F-11D3-BF4B-00C04F79EFBC}") = "Project1_2023_K00250946", "Project1_2023_K00250946.csproj", "{4E926D1A-51BE-42FC-B54B-660314257975}"
EndProject
Global
	GlobalSection(SolutionConfigurationPlatforms) = preSolution
		Debug|Any CPU = Debug|Any CPU
		Release|Any CPU = Release|Any CPU
	EndGlobalSection
	GlobalSection(ProjectConfigurationPlatforms) = postSolution
		{4E926D1A-51BE-42FC-B54B-660314257975}.Debug|Any CPU.ActiveCfg = Debug|Any CPU
		{4E926D1A-51BE-42FC-B54B-660314257975}.Debug|Any CPU.Build.0 = Debug|Any CPU
		{4E926D1A-51BE-42FC-B54B-660314257975}.Release|Any CPU.ActiveCfg = Release|Any CPU
		{4E926D1A-51BE-42FC-B54B-660314257975}.Release|Any CPU.Build.0 = Release|Any CPU
	EndGlobalSection
	GlobalSection(SolutionProperties) = preSolution
		HideSolutionNode = FALSE
	EndGlobalSection
	GlobalSection(ExtensibilityGlobals) = postSolution
		SolutionGuid = {2EC15E56-F6F4-496E-B7B8-4C19C10BEA7A}
	EndGlobalSection
EndGlobal
